// !$*UTF8*$!
{
	archiveVersion = 1;
	classes = {
	};
	objectVersion = 50;
	objects = {

/* Begin PBXBuildFile section */
		1E4008132126A1C500C5518B /* API.swift in Sources */ = {isa = PBXBuildFile; fileRef = 1E4008122126A1C500C5518B /* API.swift */; };
		1E40081721272EF900C5518B /* GitHubRequest.swift in Sources */ = {isa = PBXBuildFile; fileRef = 1E40081621272EF900C5518B /* GitHubRequest.swift */; };
		1E47DF34212C546B0090C6EA /* Owner.swift in Sources */ = {isa = PBXBuildFile; fileRef = 1E47DF33212C546B0090C6EA /* Owner.swift */; };
		1E47DF36212C560F0090C6EA /* ViewModel.swift in Sources */ = {isa = PBXBuildFile; fileRef = 1E47DF35212C560F0090C6EA /* ViewModel.swift */; };
		1E680B0C2131662700B691FF /* RepositoryCell.swift in Sources */ = {isa = PBXBuildFile; fileRef = 1E680B0B2131662700B691FF /* RepositoryCell.swift */; };
		1E680B0E2131665100B691FF /* RepositoryCell.xib in Resources */ = {isa = PBXBuildFile; fileRef = 1E680B0D2131665100B691FF /* RepositoryCell.xib */; };
		1E680B10213264AE00B691FF /* PINRemoteImage.framework in Frameworks */ = {isa = PBXBuildFile; fileRef = 1E680B0F213264AE00B691FF /* PINRemoteImage.framework */; };
		1E680B122132669C00B691FF /* PINCache.framework in Frameworks */ = {isa = PBXBuildFile; fileRef = 1E680B112132669C00B691FF /* PINCache.framework */; };
		1EC74B322119F74700739D1A /* AppDelegate.swift in Sources */ = {isa = PBXBuildFile; fileRef = 1EC74B312119F74700739D1A /* AppDelegate.swift */; };
		1EC74B342119F74700739D1A /* ViewController.swift in Sources */ = {isa = PBXBuildFile; fileRef = 1EC74B332119F74700739D1A /* ViewController.swift */; };
		1EC74B372119F74700739D1A /* ViewController.storyboard in Resources */ = {isa = PBXBuildFile; fileRef = 1EC74B352119F74700739D1A /* ViewController.storyboard */; };
		1EC74B392119F74800739D1A /* Assets.xcassets in Resources */ = {isa = PBXBuildFile; fileRef = 1EC74B382119F74800739D1A /* Assets.xcassets */; };
		1EC74B3C2119F74800739D1A /* LaunchScreen.storyboard in Resources */ = {isa = PBXBuildFile; fileRef = 1EC74B3A2119F74800739D1A /* LaunchScreen.storyboard */; };
		1EC74B472119F74800739D1A /* RxSwiftGitHubClientTests.swift in Sources */ = {isa = PBXBuildFile; fileRef = 1EC74B462119F74800739D1A /* RxSwiftGitHubClientTests.swift */; };
		1EC74B5A211B465400739D1A /* APIKit.framework in Frameworks */ = {isa = PBXBuildFile; fileRef = 1EC74B53211B465300739D1A /* APIKit.framework */; };
		1EC74B5B211B465400739D1A /* Result.framework in Frameworks */ = {isa = PBXBuildFile; fileRef = 1EC74B54211B465300739D1A /* Result.framework */; };
		1EC74B5C211B465400739D1A /* ObjectMapper.framework in Frameworks */ = {isa = PBXBuildFile; fileRef = 1EC74B55211B465400739D1A /* ObjectMapper.framework */; };
		1EC74B5D211B465400739D1A /* RxBlocking.framework in Frameworks */ = {isa = PBXBuildFile; fileRef = 1EC74B56211B465400739D1A /* RxBlocking.framework */; };
		1EC74B5E211B465400739D1A /* RxSwift.framework in Frameworks */ = {isa = PBXBuildFile; fileRef = 1EC74B57211B465400739D1A /* RxSwift.framework */; };
		1EC74B5F211B465400739D1A /* RxCocoa.framework in Frameworks */ = {isa = PBXBuildFile; fileRef = 1EC74B58211B465400739D1A /* RxCocoa.framework */; };
		1EC74B63211C72CD00739D1A /* Repository.swift in Sources */ = {isa = PBXBuildFile; fileRef = 1EC74B62211C72CD00739D1A /* Repository.swift */; };
/* End PBXBuildFile section */

/* Begin PBXContainerItemProxy section */
		1EC74B432119F74800739D1A /* PBXContainerItemProxy */ = {
			isa = PBXContainerItemProxy;
			containerPortal = 1EC74B262119F74700739D1A /* Project object */;
			proxyType = 1;
			remoteGlobalIDString = 1EC74B2D2119F74700739D1A;
			remoteInfo = RxSwiftGitHubClient;
		};
/* End PBXContainerItemProxy section */

/* Begin PBXFileReference section */
		1E4008122126A1C500C5518B /* API.swift */ = {isa = PBXFileReference; lastKnownFileType = sourcecode.swift; path = API.swift; sourceTree = "<group>"; };
		1E40081621272EF900C5518B /* GitHubRequest.swift */ = {isa = PBXFileReference; lastKnownFileType = sourcecode.swift; path = GitHubRequest.swift; sourceTree = "<group>"; };
		1E47DF33212C546B0090C6EA /* Owner.swift */ = {isa = PBXFileReference; lastKnownFileType = sourcecode.swift; path = Owner.swift; sourceTree = "<group>"; };
		1E47DF35212C560F0090C6EA /* ViewModel.swift */ = {isa = PBXFileReference; lastKnownFileType = sourcecode.swift; path = ViewModel.swift; sourceTree = "<group>"; };
		1E680B0B2131662700B691FF /* RepositoryCell.swift */ = {isa = PBXFileReference; lastKnownFileType = sourcecode.swift; path = RepositoryCell.swift; sourceTree = "<group>"; };
		1E680B0D2131665100B691FF /* RepositoryCell.xib */ = {isa = PBXFileReference; lastKnownFileType = file.xib; path = RepositoryCell.xib; sourceTree = "<group>"; };
		1E680B0F213264AE00B691FF /* PINRemoteImage.framework */ = {isa = PBXFileReference; lastKnownFileType = wrapper.framework; name = PINRemoteImage.framework; path = Carthage/Build/iOS/PINRemoteImage.framework; sourceTree = "<group>"; };
		1E680B112132669C00B691FF /* PINCache.framework */ = {isa = PBXFileReference; lastKnownFileType = wrapper.framework; name = PINCache.framework; path = Carthage/Build/iOS/PINCache.framework; sourceTree = "<group>"; };
		1EC74B2E2119F74700739D1A /* RxSwiftGitHubClient.app */ = {isa = PBXFileReference; explicitFileType = wrapper.application; includeInIndex = 0; path = RxSwiftGitHubClient.app; sourceTree = BUILT_PRODUCTS_DIR; };
		1EC74B312119F74700739D1A /* AppDelegate.swift */ = {isa = PBXFileReference; lastKnownFileType = sourcecode.swift; path = AppDelegate.swift; sourceTree = "<group>"; };
		1EC74B332119F74700739D1A /* ViewController.swift */ = {isa = PBXFileReference; lastKnownFileType = sourcecode.swift; path = ViewController.swift; sourceTree = "<group>"; };
		1EC74B362119F74700739D1A /* Base */ = {isa = PBXFileReference; lastKnownFileType = file.storyboard; name = Base; path = Base.lproj/ViewController.storyboard; sourceTree = "<group>"; };
		1EC74B382119F74800739D1A /* Assets.xcassets */ = {isa = PBXFileReference; lastKnownFileType = folder.assetcatalog; path = Assets.xcassets; sourceTree = "<group>"; };
		1EC74B3B2119F74800739D1A /* Base */ = {isa = PBXFileReference; lastKnownFileType = file.storyboard; name = Base; path = Base.lproj/LaunchScreen.storyboard; sourceTree = "<group>"; };
		1EC74B3D2119F74800739D1A /* Info.plist */ = {isa = PBXFileReference; lastKnownFileType = text.plist.xml; path = Info.plist; sourceTree = "<group>"; };
		1EC74B422119F74800739D1A /* RxSwiftGitHubClientTests.xctest */ = {isa = PBXFileReference; explicitFileType = wrapper.cfbundle; includeInIndex = 0; path = RxSwiftGitHubClientTests.xctest; sourceTree = BUILT_PRODUCTS_DIR; };
		1EC74B462119F74800739D1A /* RxSwiftGitHubClientTests.swift */ = {isa = PBXFileReference; lastKnownFileType = sourcecode.swift; path = RxSwiftGitHubClientTests.swift; sourceTree = "<group>"; };
		1EC74B482119F74800739D1A /* Info.plist */ = {isa = PBXFileReference; lastKnownFileType = text.plist.xml; path = Info.plist; sourceTree = "<group>"; };
		1EC74B52211B465300739D1A /* RxTest.framework */ = {isa = PBXFileReference; lastKnownFileType = wrapper.framework; name = RxTest.framework; path = Carthage/Build/iOS/RxTest.framework; sourceTree = "<group>"; };
		1EC74B53211B465300739D1A /* APIKit.framework */ = {isa = PBXFileReference; lastKnownFileType = wrapper.framework; name = APIKit.framework; path = Carthage/Build/iOS/APIKit.framework; sourceTree = "<group>"; };
		1EC74B54211B465300739D1A /* Result.framework */ = {isa = PBXFileReference; lastKnownFileType = wrapper.framework; name = Result.framework; path = Carthage/Build/iOS/Result.framework; sourceTree = "<group>"; };
		1EC74B55211B465400739D1A /* ObjectMapper.framework */ = {isa = PBXFileReference; lastKnownFileType = wrapper.framework; name = ObjectMapper.framework; path = Carthage/Build/iOS/ObjectMapper.framework; sourceTree = "<group>"; };
		1EC74B56211B465400739D1A /* RxBlocking.framework */ = {isa = PBXFileReference; lastKnownFileType = wrapper.framework; name = RxBlocking.framework; path = Carthage/Build/iOS/RxBlocking.framework; sourceTree = "<group>"; };
		1EC74B57211B465400739D1A /* RxSwift.framework */ = {isa = PBXFileReference; lastKnownFileType = wrapper.framework; name = RxSwift.framework; path = Carthage/Build/iOS/RxSwift.framework; sourceTree = "<group>"; };
		1EC74B58211B465400739D1A /* RxCocoa.framework */ = {isa = PBXFileReference; lastKnownFileType = wrapper.framework; name = RxCocoa.framework; path = Carthage/Build/iOS/RxCocoa.framework; sourceTree = "<group>"; };
		1EC74B62211C72CD00739D1A /* Repository.swift */ = {isa = PBXFileReference; lastKnownFileType = sourcecode.swift; path = Repository.swift; sourceTree = "<group>"; };
/* End PBXFileReference section */

/* Begin PBXFrameworksBuildPhase section */
		1EC74B2B2119F74700739D1A /* Frameworks */ = {
			isa = PBXFrameworksBuildPhase;
			buildActionMask = 2147483647;
			files = (
				1EC74B5A211B465400739D1A /* APIKit.framework in Frameworks */,
				1EC74B5B211B465400739D1A /* Result.framework in Frameworks */,
				1EC74B5C211B465400739D1A /* ObjectMapper.framework in Frameworks */,
				1EC74B5D211B465400739D1A /* RxBlocking.framework in Frameworks */,
				1EC74B5E211B465400739D1A /* RxSwift.framework in Frameworks */,
				1EC74B5F211B465400739D1A /* RxCocoa.framework in Frameworks */,
				1E680B122132669C00B691FF /* PINCache.framework in Frameworks */,
				1E680B10213264AE00B691FF /* PINRemoteImage.framework in Frameworks */,
			);
			runOnlyForDeploymentPostprocessing = 0;
		};
		1EC74B3F2119F74800739D1A /* Frameworks */ = {
			isa = PBXFrameworksBuildPhase;
			buildActionMask = 2147483647;
			files = (
			);
			runOnlyForDeploymentPostprocessing = 0;
		};
/* End PBXFrameworksBuildPhase section */

/* Begin PBXGroup section */
		1E40080E2126A04D00C5518B /* Screen */ = {
			isa = PBXGroup;
			children = (
				1E680B0A2131661200B691FF /* View */,
				1EC74B332119F74700739D1A /* ViewController.swift */,
				1EC74B352119F74700739D1A /* ViewController.storyboard */,
				1E47DF35212C560F0090C6EA /* ViewModel.swift */,
			);
			path = Screen;
			sourceTree = "<group>";
		};
		1E40080F2126A05400C5518B /* Supporting Files */ = {
			isa = PBXGroup;
			children = (
				1EC74B3D2119F74800739D1A /* Info.plist */,
			);
			path = "Supporting Files";
			sourceTree = "<group>";
		};
		1E4008102126A06900C5518B /* Resources */ = {
			isa = PBXGroup;
			children = (
				1EC74B382119F74800739D1A /* Assets.xcassets */,
				1EC74B3A2119F74800739D1A /* LaunchScreen.storyboard */,
			);
			path = Resources;
			sourceTree = "<group>";
		};
		1E4008112126A1AD00C5518B /* Requests */ = {
			isa = PBXGroup;
			children = (
				1E4008122126A1C500C5518B /* API.swift */,
				1E40081621272EF900C5518B /* GitHubRequest.swift */,
			);
			path = Requests;
			sourceTree = "<group>";
		};
		1E680B0A2131661200B691FF /* View */ = {
			isa = PBXGroup;
			children = (
				1E680B0B2131662700B691FF /* RepositoryCell.swift */,
				1E680B0D2131665100B691FF /* RepositoryCell.xib */,
			);
			path = View;
			sourceTree = "<group>";
		};
		1EC74B252119F74700739D1A = {
			isa = PBXGroup;
			children = (
				1EC74B302119F74700739D1A /* RxSwiftGitHubClient */,
				1EC74B452119F74800739D1A /* RxSwiftGitHubClientTests */,
				1EC74B2F2119F74700739D1A /* Products */,
				1EC74B51211B465200739D1A /* Frameworks */,
			);
			sourceTree = "<group>";
		};
		1EC74B2F2119F74700739D1A /* Products */ = {
			isa = PBXGroup;
			children = (
				1EC74B2E2119F74700739D1A /* RxSwiftGitHubClient.app */,
				1EC74B422119F74800739D1A /* RxSwiftGitHubClientTests.xctest */,
			);
			name = Products;
			sourceTree = "<group>";
		};
		1EC74B302119F74700739D1A /* RxSwiftGitHubClient */ = {
			isa = PBXGroup;
			children = (
				1EC74B312119F74700739D1A /* AppDelegate.swift */,
				1E40080E2126A04D00C5518B /* Screen */,
				1EC74B61211C72BB00739D1A /* Model */,
				1E4008112126A1AD00C5518B /* Requests */,
				1E4008102126A06900C5518B /* Resources */,
				1E40080F2126A05400C5518B /* Supporting Files */,
			);
			path = RxSwiftGitHubClient;
			sourceTree = "<group>";
		};
		1EC74B452119F74800739D1A /* RxSwiftGitHubClientTests */ = {
			isa = PBXGroup;
			children = (
				1EC74B462119F74800739D1A /* RxSwiftGitHubClientTests.swift */,
				1EC74B482119F74800739D1A /* Info.plist */,
			);
			path = RxSwiftGitHubClientTests;
			sourceTree = "<group>";
		};
		1EC74B51211B465200739D1A /* Frameworks */ = {
			isa = PBXGroup;
			children = (
				1E680B112132669C00B691FF /* PINCache.framework */,
				1E680B0F213264AE00B691FF /* PINRemoteImage.framework */,
				1EC74B53211B465300739D1A /* APIKit.framework */,
				1EC74B55211B465400739D1A /* ObjectMapper.framework */,
				1EC74B54211B465300739D1A /* Result.framework */,
				1EC74B56211B465400739D1A /* RxBlocking.framework */,
				1EC74B58211B465400739D1A /* RxCocoa.framework */,
				1EC74B57211B465400739D1A /* RxSwift.framework */,
				1EC74B52211B465300739D1A /* RxTest.framework */,
			);
			name = Frameworks;
			sourceTree = "<group>";
		};
		1EC74B61211C72BB00739D1A /* Model */ = {
			isa = PBXGroup;
			children = (
				1EC74B62211C72CD00739D1A /* Repository.swift */,
				1E47DF33212C546B0090C6EA /* Owner.swift */,
			);
			path = Model;
			sourceTree = "<group>";
		};
/* End PBXGroup section */

/* Begin PBXNativeTarget section */
		1EC74B2D2119F74700739D1A /* RxSwiftGitHubClient */ = {
			isa = PBXNativeTarget;
			buildConfigurationList = 1EC74B4B2119F74800739D1A /* Build configuration list for PBXNativeTarget "RxSwiftGitHubClient" */;
			buildPhases = (
				1EC74B2A2119F74700739D1A /* Sources */,
				1EC74B2B2119F74700739D1A /* Frameworks */,
				1EC74B2C2119F74700739D1A /* Resources */,
				1EC74B60211B466B00739D1A /* ShellScript */,
			);
			buildRules = (
			);
			dependencies = (
			);
			name = RxSwiftGitHubClient;
			productName = RxSwiftGitHubClient;
			productReference = 1EC74B2E2119F74700739D1A /* RxSwiftGitHubClient.app */;
			productType = "com.apple.product-type.application";
		};
		1EC74B412119F74800739D1A /* RxSwiftGitHubClientTests */ = {
			isa = PBXNativeTarget;
			buildConfigurationList = 1EC74B4E2119F74800739D1A /* Build configuration list for PBXNativeTarget "RxSwiftGitHubClientTests" */;
			buildPhases = (
				1EC74B3E2119F74800739D1A /* Sources */,
				1EC74B3F2119F74800739D1A /* Frameworks */,
				1EC74B402119F74800739D1A /* Resources */,
			);
			buildRules = (
			);
			dependencies = (
				1EC74B442119F74800739D1A /* PBXTargetDependency */,
			);
			name = RxSwiftGitHubClientTests;
			productName = RxSwiftGitHubClientTests;
			productReference = 1EC74B422119F74800739D1A /* RxSwiftGitHubClientTests.xctest */;
			productType = "com.apple.product-type.bundle.unit-test";
		};
/* End PBXNativeTarget section */

/* Begin PBXProject section */
		1EC74B262119F74700739D1A /* Project object */ = {
			isa = PBXProject;
			attributes = {
				LastSwiftUpdateCheck = 0940;
				LastUpgradeCheck = 0940;
				ORGANIZATIONNAME = "伊賀裕展";
				TargetAttributes = {
					1EC74B2D2119F74700739D1A = {
						CreatedOnToolsVersion = 9.4.1;
					};
					1EC74B412119F74800739D1A = {
						CreatedOnToolsVersion = 9.4.1;
						TestTargetID = 1EC74B2D2119F74700739D1A;
					};
				};
			};
			buildConfigurationList = 1EC74B292119F74700739D1A /* Build configuration list for PBXProject "RxSwiftGitHubClient" */;
			compatibilityVersion = "Xcode 9.3";
			developmentRegion = en;
			hasScannedForEncodings = 0;
			knownRegions = (
				en,
				Base,
			);
			mainGroup = 1EC74B252119F74700739D1A;
			productRefGroup = 1EC74B2F2119F74700739D1A /* Products */;
			projectDirPath = "";
			projectRoot = "";
			targets = (
				1EC74B2D2119F74700739D1A /* RxSwiftGitHubClient */,
				1EC74B412119F74800739D1A /* RxSwiftGitHubClientTests */,
			);
		};
/* End PBXProject section */

/* Begin PBXResourcesBuildPhase section */
		1EC74B2C2119F74700739D1A /* Resources */ = {
			isa = PBXResourcesBuildPhase;
			buildActionMask = 2147483647;
			files = (
				1EC74B3C2119F74800739D1A /* LaunchScreen.storyboard in Resources */,
				1EC74B392119F74800739D1A /* Assets.xcassets in Resources */,
				1EC74B372119F74700739D1A /* ViewController.storyboard in Resources */,
				1E680B0E2131665100B691FF /* RepositoryCell.xib in Resources */,
			);
			runOnlyForDeploymentPostprocessing = 0;
		};
		1EC74B402119F74800739D1A /* Resources */ = {
			isa = PBXResourcesBuildPhase;
			buildActionMask = 2147483647;
			files = (
			);
			runOnlyForDeploymentPostprocessing = 0;
		};
/* End PBXResourcesBuildPhase section */

/* Begin PBXShellScriptBuildPhase section */
		1EC74B60211B466B00739D1A /* ShellScript */ = {
			isa = PBXShellScriptBuildPhase;
			buildActionMask = 2147483647;
			files = (
			);
			inputPaths = (
				"$(SRCROOT)/Carthage/Build/iOS/APIKit.framework",
				"$(SRCROOT)/Carthage/Build/iOS/ObjectMapper.framework",
				"$(SRCROOT)/Carthage/Build/iOS/Result.framework",
				"$(SRCROOT)/Carthage/Build/iOS/RxBlocking.framework",
				"$(SRCROOT)/Carthage/Build/iOS/RxCocoa.framework",
				"$(SRCROOT)/Carthage/Build/iOS/RxSwift.framework",
				"$(SRCROOT)/Carthage/Build/iOS/PINRemoteImage.framework",
				"$(SRCROOT)/Carthage/Build/iOS/PINCache.framework",
			);
			outputPaths = (
			);
			runOnlyForDeploymentPostprocessing = 0;
			shellPath = /bin/sh;
			shellScript = "/usr/local/bin/carthage copy-frameworks";
		};
/* End PBXShellScriptBuildPhase section */

/* Begin PBXSourcesBuildPhase section */
		1EC74B2A2119F74700739D1A /* Sources */ = {
			isa = PBXSourcesBuildPhase;
			buildActionMask = 2147483647;
			files = (
				1E40081721272EF900C5518B /* GitHubRequest.swift in Sources */,
				1E47DF34212C546B0090C6EA /* Owner.swift in Sources */,
				1EC74B342119F74700739D1A /* ViewController.swift in Sources */,
				1EC74B322119F74700739D1A /* AppDelegate.swift in Sources */,
				1E4008132126A1C500C5518B /* API.swift in Sources */,
				1EC74B63211C72CD00739D1A /* Repository.swift in Sources */,
				1E47DF36212C560F0090C6EA /* ViewModel.swift in Sources */,
				1E680B0C2131662700B691FF /* RepositoryCell.swift in Sources */,
			);
			runOnlyForDeploymentPostprocessing = 0;
		};
		1EC74B3E2119F74800739D1A /* Sources */ = {
			isa = PBXSourcesBuildPhase;
			buildActionMask = 2147483647;
			files = (
				1EC74B472119F74800739D1A /* RxSwiftGitHubClientTests.swift in Sources */,
			);
			runOnlyForDeploymentPostprocessing = 0;
		};
/* End PBXSourcesBuildPhase section */

/* Begin PBXTargetDependency section */
		1EC74B442119F74800739D1A /* PBXTargetDependency */ = {
			isa = PBXTargetDependency;
			target = 1EC74B2D2119F74700739D1A /* RxSwiftGitHubClient */;
			targetProxy = 1EC74B432119F74800739D1A /* PBXContainerItemProxy */;
		};
/* End PBXTargetDependency section */

/* Begin PBXVariantGroup section */
		1EC74B352119F74700739D1A /* ViewController.storyboard */ = {
			isa = PBXVariantGroup;
			children = (
				1EC74B362119F74700739D1A /* Base */,
			);
			name = ViewController.storyboard;
			sourceTree = "<group>";
		};
		1EC74B3A2119F74800739D1A /* LaunchScreen.storyboard */ = {
			isa = PBXVariantGroup;
			children = (
				1EC74B3B2119F74800739D1A /* Base */,
			);
			name = LaunchScreen.storyboard;
			sourceTree = "<group>";
		};
/* End PBXVariantGroup section */

/* Begin XCBuildConfiguration section */
		1EC74B492119F74800739D1A /* Debug */ = {
			isa = XCBuildConfiguration;
			buildSettings = {
				ALWAYS_SEARCH_USER_PATHS = NO;
				CLANG_ANALYZER_NONNULL = YES;
				CLANG_ANALYZER_NUMBER_OBJECT_CONVERSION = YES_AGGRESSIVE;
				CLANG_CXX_LANGUAGE_STANDARD = "gnu++14";
				CLANG_CXX_LIBRARY = "libc++";
				CLANG_ENABLE_MODULES = YES;
				CLANG_ENABLE_OBJC_ARC = YES;
				CLANG_ENABLE_OBJC_WEAK = YES;
				CLANG_WARN_BLOCK_CAPTURE_AUTORELEASING = YES;
				CLANG_WARN_BOOL_CONVERSION = YES;
				CLANG_WARN_COMMA = YES;
				CLANG_WARN_CONSTANT_CONVERSION = YES;
				CLANG_WARN_DEPRECATED_OBJC_IMPLEMENTATIONS = YES;
				CLANG_WARN_DIRECT_OBJC_ISA_USAGE = YES_ERROR;
				CLANG_WARN_DOCUMENTATION_COMMENTS = YES;
				CLANG_WARN_EMPTY_BODY = YES;
				CLANG_WARN_ENUM_CONVERSION = YES;
				CLANG_WARN_INFINITE_RECURSION = YES;
				CLANG_WARN_INT_CONVERSION = YES;
				CLANG_WARN_NON_LITERAL_NULL_CONVERSION = YES;
				CLANG_WARN_OBJC_IMPLICIT_RETAIN_SELF = YES;
				CLANG_WARN_OBJC_LITERAL_CONVERSION = YES;
				CLANG_WARN_OBJC_ROOT_CLASS = YES_ERROR;
				CLANG_WARN_RANGE_LOOP_ANALYSIS = YES;
				CLANG_WARN_STRICT_PROTOTYPES = YES;
				CLANG_WARN_SUSPICIOUS_MOVE = YES;
				CLANG_WARN_UNGUARDED_AVAILABILITY = YES_AGGRESSIVE;
				CLANG_WARN_UNREACHABLE_CODE = YES;
				CLANG_WARN__DUPLICATE_METHOD_MATCH = YES;
				CODE_SIGN_IDENTITY = "iPhone Developer";
				COPY_PHASE_STRIP = NO;
				DEBUG_INFORMATION_FORMAT = dwarf;
				ENABLE_STRICT_OBJC_MSGSEND = YES;
				ENABLE_TESTABILITY = YES;
				GCC_C_LANGUAGE_STANDARD = gnu11;
				GCC_DYNAMIC_NO_PIC = NO;
				GCC_NO_COMMON_BLOCKS = YES;
				GCC_OPTIMIZATION_LEVEL = 0;
				GCC_PREPROCESSOR_DEFINITIONS = (
					"DEBUG=1",
					"$(inherited)",
				);
				GCC_WARN_64_TO_32_BIT_CONVERSION = YES;
				GCC_WARN_ABOUT_RETURN_TYPE = YES_ERROR;
				GCC_WARN_UNDECLARED_SELECTOR = YES;
				GCC_WARN_UNINITIALIZED_AUTOS = YES_AGGRESSIVE;
				GCC_WARN_UNUSED_FUNCTION = YES;
				GCC_WARN_UNUSED_VARIABLE = YES;
				IPHONEOS_DEPLOYMENT_TARGET = 11.4;
				MTL_ENABLE_DEBUG_INFO = YES;
				ONLY_ACTIVE_ARCH = YES;
				SDKROOT = iphoneos;
				SWIFT_ACTIVE_COMPILATION_CONDITIONS = DEBUG;
				SWIFT_OPTIMIZATION_LEVEL = "-Onone";
			};
			name = Debug;
		};
		1EC74B4A2119F74800739D1A /* Release */ = {
			isa = XCBuildConfiguration;
			buildSettings = {
				ALWAYS_SEARCH_USER_PATHS = NO;
				CLANG_ANALYZER_NONNULL = YES;
				CLANG_ANALYZER_NUMBER_OBJECT_CONVERSION = YES_AGGRESSIVE;
				CLANG_CXX_LANGUAGE_STANDARD = "gnu++14";
				CLANG_CXX_LIBRARY = "libc++";
				CLANG_ENABLE_MODULES = YES;
				CLANG_ENABLE_OBJC_ARC = YES;
				CLANG_ENABLE_OBJC_WEAK = YES;
				CLANG_WARN_BLOCK_CAPTURE_AUTORELEASING = YES;
				CLANG_WARN_BOOL_CONVERSION = YES;
				CLANG_WARN_COMMA = YES;
				CLANG_WARN_CONSTANT_CONVERSION = YES;
				CLANG_WARN_DEPRECATED_OBJC_IMPLEMENTATIONS = YES;
				CLANG_WARN_DIRECT_OBJC_ISA_USAGE = YES_ERROR;
				CLANG_WARN_DOCUMENTATION_COMMENTS = YES;
				CLANG_WARN_EMPTY_BODY = YES;
				CLANG_WARN_ENUM_CONVERSION = YES;
				CLANG_WARN_INFINITE_RECURSION = YES;
				CLANG_WARN_INT_CONVERSION = YES;
				CLANG_WARN_NON_LITERAL_NULL_CONVERSION = YES;
				CLANG_WARN_OBJC_IMPLICIT_RETAIN_SELF = YES;
				CLANG_WARN_OBJC_LITERAL_CONVERSION = YES;
				CLANG_WARN_OBJC_ROOT_CLASS = YES_ERROR;
				CLANG_WARN_RANGE_LOOP_ANALYSIS = YES;
				CLANG_WARN_STRICT_PROTOTYPES = YES;
				CLANG_WARN_SUSPICIOUS_MOVE = YES;
				CLANG_WARN_UNGUARDED_AVAILABILITY = YES_AGGRESSIVE;
				CLANG_WARN_UNREACHABLE_CODE = YES;
				CLANG_WARN__DUPLICATE_METHOD_MATCH = YES;
				CODE_SIGN_IDENTITY = "iPhone Developer";
				COPY_PHASE_STRIP = NO;
				DEBUG_INFORMATION_FORMAT = "dwarf-with-dsym";
				ENABLE_NS_ASSERTIONS = NO;
				ENABLE_STRICT_OBJC_MSGSEND = YES;
				GCC_C_LANGUAGE_STANDARD = gnu11;
				GCC_NO_COMMON_BLOCKS = YES;
				GCC_WARN_64_TO_32_BIT_CONVERSION = YES;
				GCC_WARN_ABOUT_RETURN_TYPE = YES_ERROR;
				GCC_WARN_UNDECLARED_SELECTOR = YES;
				GCC_WARN_UNINITIALIZED_AUTOS = YES_AGGRESSIVE;
				GCC_WARN_UNUSED_FUNCTION = YES;
				GCC_WARN_UNUSED_VARIABLE = YES;
				IPHONEOS_DEPLOYMENT_TARGET = 11.4;
				MTL_ENABLE_DEBUG_INFO = NO;
				SDKROOT = iphoneos;
				SWIFT_COMPILATION_MODE = wholemodule;
				SWIFT_OPTIMIZATION_LEVEL = "-O";
				VALIDATE_PRODUCT = YES;
			};
			name = Release;
		};
		1EC74B4C2119F74800739D1A /* Debug */ = {
			isa = XCBuildConfiguration;
			buildSettings = {
				ASSETCATALOG_COMPILER_APPICON_NAME = AppIcon;
				CODE_SIGN_STYLE = Automatic;
				DEVELOPMENT_TEAM = Y827F3LXSQ;
				FRAMEWORK_SEARCH_PATHS = (
					"$(inherited)",
					"$(PROJECT_DIR)/Carthage/Build/iOS",
				);
				INFOPLIST_FILE = "RxSwiftGitHubClient/Supporting Files/Info.plist";
				LD_RUNPATH_SEARCH_PATHS = (
					"$(inherited)",
					"@executable_path/Frameworks",
				);
				PRODUCT_BUNDLE_IDENTIFIER = com.AlgoHI.RxSwiftGitHubClient;
				PRODUCT_NAME = "$(TARGET_NAME)";
				SWIFT_VERSION = 4.0;
				TARGETED_DEVICE_FAMILY = "1,2";
			};
			name = Debug;
		};
		1EC74B4D2119F74800739D1A /* Release */ = {
			isa = XCBuildConfiguration;
			buildSettings = {
				ASSETCATALOG_COMPILER_APPICON_NAME = AppIcon;
				CODE_SIGN_STYLE = Automatic;
				DEVELOPMENT_TEAM = Y827F3LXSQ;
				FRAMEWORK_SEARCH_PATHS = (
					"$(inherited)",
					"$(PROJECT_DIR)/Carthage/Build/iOS",
				);
				INFOPLIST_FILE = "RxSwiftGitHubClient/Supporting Files/Info.plist";
				LD_RUNPATH_SEARCH_PATHS = (
					"$(inherited)",
					"@executable_path/Frameworks",
				);
				PRODUCT_BUNDLE_IDENTIFIER = com.AlgoHI.RxSwiftGitHubClient;
				PRODUCT_NAME = "$(TARGET_NAME)";
				SWIFT_VERSION = 4.0;
				TARGETED_DEVICE_FAMILY = "1,2";
			};
			name = Release;
		};
		1EC74B4F2119F74800739D1A /* Debug */ = {
			isa = XCBuildConfiguration;
			buildSettings = {
				ALWAYS_EMBED_SWIFT_STANDARD_LIBRARIES = YES;
				BUNDLE_LOADER = "$(TEST_HOST)";
				CODE_SIGN_STYLE = Automatic;
				DEVELOPMENT_TEAM = Y827F3LXSQ;
				INFOPLIST_FILE = RxSwiftGitHubClientTests/Info.plist;
				LD_RUNPATH_SEARCH_PATHS = (
					"$(inherited)",
					"@executable_path/Frameworks",
					"@loader_path/Frameworks",
				);
				PRODUCT_BUNDLE_IDENTIFIER = com.AlgoHI.RxSwiftGitHubClientTests;
				PRODUCT_NAME = "$(TARGET_NAME)";
				SWIFT_VERSION = 4.0;
				TARGETED_DEVICE_FAMILY = "1,2";
				TEST_HOST = "$(BUILT_PRODUCTS_DIR)/RxSwiftGitHubClient.app/RxSwiftGitHubClient";
			};
			name = Debug;
		};
		1EC74B502119F74800739D1A /* Release */ = {
			isa = XCBuildConfiguration;
			buildSettings = {
				ALWAYS_EMBED_SWIFT_STANDARD_LIBRARIES = YES;
				BUNDLE_LOADER = "$(TEST_HOST)";
				CODE_SIGN_STYLE = Automatic;
				DEVELOPMENT_TEAM = Y827F3LXSQ;
				INFOPLIST_FILE = RxSwiftGitHubClientTests/Info.plist;
				LD_RUNPATH_SEARCH_PATHS = (
					"$(inherited)",
					"@executable_path/Frameworks",
					"@loader_path/Frameworks",
				);
				PRODUCT_BUNDLE_IDENTIFIER = com.AlgoHI.RxSwiftGitHubClientTests;
				PRODUCT_NAME = "$(TARGET_NAME)";
				SWIFT_VERSION = 4.0;
				TARGETED_DEVICE_FAMILY = "1,2";
				TEST_HOST = "$(BUILT_PRODUCTS_DIR)/RxSwiftGitHubClient.app/RxSwiftGitHubClient";
			};
			name = Release;
		};
/* End XCBuildConfiguration section */

/* Begin XCConfigurationList section */
		1EC74B292119F74700739D1A /* Build configuration list for PBXProject "RxSwiftGitHubClient" */ = {
			isa = XCConfigurationList;
			buildConfigurations = (
				1EC74B492119F74800739D1A /* Debug */,
				1EC74B4A2119F74800739D1A /* Release */,
			);
			defaultConfigurationIsVisible = 0;
			defaultConfigurationName = Release;
		};
		1EC74B4B2119F74800739D1A /* Build configuration list for PBXNativeTarget "RxSwiftGitHubClient" */ = {
			isa = XCConfigurationList;
			buildConfigurations = (
				1EC74B4C2119F74800739D1A /* Debug */,
				1EC74B4D2119F74800739D1A /* Release */,
			);
			defaultConfigurationIsVisible = 0;
			defaultConfigurationName = Release;
		};
		1EC74B4E2119F74800739D1A /* Build configuration list for PBXNativeTarget "RxSwiftGitHubClientTests" */ = {
			isa = XCConfigurationList;
			buildConfigurations = (
				1EC74B4F2119F74800739D1A /* Debug */,
				1EC74B502119F74800739D1A /* Release */,
			);
			defaultConfigurationIsVisible = 0;
			defaultConfigurationName = Release;
		};
/* End XCConfigurationList section */
	};
	rootObject = 1EC74B262119F74700739D1A /* Project object */;
}
